
Microsoft Visual Studio Solution File, Format Version 12.00
# Visual Studio Version 17
VisualStudioVersion = 17.3.32825.248
MinimumVisualStudioVersion = 10.0.40219.1
Project("{FAE04EC0-301F-11D3-BF4B-00C04F79EFBC}") = "Lab8", "Lab8\Lab8.csproj", "{F544E119-7E60-43BA-B426-F4DC0450DF4F}"
EndProject
Project("{FAE04EC0-301F-11D3-BF4B-00C04F79EFBC}") = "Lab8Tests1", "Lab8Tests1\Lab8Tests1.csproj", "{ED6839E0-AEE7-4958-AD33-7761117F367A}"
EndProject
Global
	GlobalSection(SolutionConfigurationPlatforms) = preSolution
		Debug|Any CPU = Debug|Any CPU
		Release|Any CPU = Release|Any CPU
	EndGlobalSection
	GlobalSection(ProjectConfigurationPlatforms) = postSolution
		{F544E119-7E60-43BA-B426-F4DC0450DF4F}.Debug|Any CPU.ActiveCfg = Debug|Any CPU
		{F544E119-7E60-43BA-B426-F4DC0450DF4F}.Debug|Any CPU.Build.0 = Debug|Any CPU
		{F544E119-7E60-43BA-B426-F4DC0450DF4F}.Release|Any CPU.ActiveCfg = Release|Any CPU
		{F544E119-7E60-43BA-B426-F4DC0450DF4F}.Release|Any CPU.Build.0 = Release|Any CPU
		{ED6839E0-AEE7-4958-AD33-7761117F367A}.Debug|Any CPU.ActiveCfg = Debug|Any CPU
		{ED6839E0-AEE7-4958-AD33-7761117F367A}.Debug|Any CPU.Build.0 = Debug|Any CPU
		{ED6839E0-AEE7-4958-AD33-7761117F367A}.Release|Any CPU.ActiveCfg = Release|Any CPU
		{ED6839E0-AEE7-4958-AD33-7761117F367A}.Release|Any CPU.Build.0 = Release|Any CPU
	EndGlobalSection
	GlobalSection(SolutionProperties) = preSolution
		HideSolutionNode = FALSE
	EndGlobalSection
	GlobalSection(ExtensibilityGlobals) = postSolution
		SolutionGuid = {E09A1E46-9103-42C2-841E-E3FA706CAB08}
	EndGlobalSection
EndGlobal
